
Microsoft Visual Studio Solution File, Format Version 12.00
# Visual Studio Version 17
VisualStudioVersion = 17.4.33213.308
MinimumVisualStudioVersion = 10.0.40219.1
Project("{FAE04EC0-301F-11D3-BF4B-00C04F79EFBC}") = "DbFirstApproachEF", "DbFirstApproachEF\DbFirstApproachEF.csproj", "{C7C5BDB0-7634-439D-A240-9E78E1ACDA20}"
EndProject
Global
	GlobalSection(SolutionConfigurationPlatforms) = preSolution
		Debug|Any CPU = Debug|Any CPU
		Release|Any CPU = Release|Any CPU
	EndGlobalSection
	GlobalSection(ProjectConfigurationPlatforms) = postSolution
		{C7C5BDB0-7634-439D-A240-9E78E1ACDA20}.Debug|Any CPU.ActiveCfg = Debug|Any CPU
		{C7C5BDB0-7634-439D-A240-9E78E1ACDA20}.Debug|Any CPU.Build.0 = Debug|Any CPU
		{C7C5BDB0-7634-439D-A240-9E78E1ACDA20}.Release|Any CPU.ActiveCfg = Release|Any CPU
		{C7C5BDB0-7634-439D-A240-9E78E1ACDA20}.Release|Any CPU.Build.0 = Release|Any CPU
	EndGlobalSection
	GlobalSection(SolutionProperties) = preSolution
		HideSolutionNode = FALSE
	EndGlobalSection
	GlobalSection(ExtensibilityGlobals) = postSolution
		SolutionGuid = {DE77DBE6-8737-42DF-AFB0-20FEC36A6120}
	EndGlobalSection
EndGlobal
